// !$*UTF8*$!
{
	archiveVersion = 1;
	classes = {
	};
	objectVersion = 50;
	objects = {

/* Begin PBXBuildFile section */
		A505703C2249226F0032849A /* digital-7.ttf in Resources */ = {isa = PBXBuildFile; fileRef = A505703B2249226F0032849A /* digital-7.ttf */; };
		A5057040224938EE0032849A /* SourceCodePro-Light.ttf in Resources */ = {isa = PBXBuildFile; fileRef = A505703F224938ED0032849A /* SourceCodePro-Light.ttf */; };
		A53A784322CE057F005975E8 /* FilterTVCell.swift in Sources */ = {isa = PBXBuildFile; fileRef = A53A784222CE057F005975E8 /* FilterTVCell.swift */; };
		A53A784522CE0CD0005975E8 /* FilterTFTVCell.swift in Sources */ = {isa = PBXBuildFile; fileRef = A53A784422CE0CD0005975E8 /* FilterTFTVCell.swift */; };
		A53A784722CE0CF2005975E8 /* FilterButtonTVCell.swift in Sources */ = {isa = PBXBuildFile; fileRef = A53A784622CE0CF2005975E8 /* FilterButtonTVCell.swift */; };
		A53A784922CE0E7F005975E8 /* FilterSettingsVC.swift in Sources */ = {isa = PBXBuildFile; fileRef = A53A784822CE0E7F005975E8 /* FilterSettingsVC.swift */; };
		A5496A0E22B6C1510091F996 /* IndicatorsVC.swift in Sources */ = {isa = PBXBuildFile; fileRef = A5496A0D22B6C1510091F996 /* IndicatorsVC.swift */; };
		A5496A1622B7875E0091F996 /* OptionalTVCell.swift in Sources */ = {isa = PBXBuildFile; fileRef = A5496A1522B7875E0091F996 /* OptionalTVCell.swift */; };
		A5496A1822B787700091F996 /* TextFieldTVCell.swift in Sources */ = {isa = PBXBuildFile; fileRef = A5496A1722B787700091F996 /* TextFieldTVCell.swift */; };
		A5496A1A22B787800091F996 /* ColorTVCell.swift in Sources */ = {isa = PBXBuildFile; fileRef = A5496A1922B787800091F996 /* ColorTVCell.swift */; };
		A5496A1C22B78B4E0091F996 /* IndicatorSettingsVC.swift in Sources */ = {isa = PBXBuildFile; fileRef = A5496A1B22B78B4E0091F996 /* IndicatorSettingsVC.swift */; };
		A5630BD72237D16F002B0152 /* AppDelegate.swift in Sources */ = {isa = PBXBuildFile; fileRef = A5630BD62237D16F002B0152 /* AppDelegate.swift */; };
		A5630BD92237D16F002B0152 /* TabBarVC.swift in Sources */ = {isa = PBXBuildFile; fileRef = A5630BD82237D16F002B0152 /* TabBarVC.swift */; };
		A5630BDC2237D16F002B0152 /* Main.storyboard in Resources */ = {isa = PBXBuildFile; fileRef = A5630BDA2237D16F002B0152 /* Main.storyboard */; };
		A5630BDE2237D171002B0152 /* Assets.xcassets in Resources */ = {isa = PBXBuildFile; fileRef = A5630BDD2237D171002B0152 /* Assets.xcassets */; };
		A5630BE12237D171002B0152 /* LaunchScreen.storyboard in Resources */ = {isa = PBXBuildFile; fileRef = A5630BDF2237D171002B0152 /* LaunchScreen.storyboard */; };
		A5630BE92237D27F002B0152 /* SymbolTableViewCell.swift in Sources */ = {isa = PBXBuildFile; fileRef = A5630BE82237D27F002B0152 /* SymbolTableViewCell.swift */; };
		A5630BEB2237E5F1002B0152 /* ListTVC.swift in Sources */ = {isa = PBXBuildFile; fileRef = A5630BEA2237E5F1002B0152 /* ListTVC.swift */; };
		A5630BED2237E64A002B0152 /* BinanceApi.swift in Sources */ = {isa = PBXBuildFile; fileRef = A5630BEC2237E649002B0152 /* BinanceApi.swift */; };
		A5630BEF2237F083002B0152 /* Symbol.swift in Sources */ = {isa = PBXBuildFile; fileRef = A5630BEE2237F083002B0152 /* Symbol.swift */; };
		A5630BF12238F628002B0152 /* ChartVC.swift in Sources */ = {isa = PBXBuildFile; fileRef = A5630BF02238F628002B0152 /* ChartVC.swift */; };
		A5630BF32238F6F6002B0152 /* Enums.swift in Sources */ = {isa = PBXBuildFile; fileRef = A5630BF22238F6F6002B0152 /* Enums.swift */; };
		A5630BF52238F94E002B0152 /* Candle.swift in Sources */ = {isa = PBXBuildFile; fileRef = A5630BF42238F94E002B0152 /* Candle.swift */; };
		A5630BF7223912FE002B0152 /* Util.swift in Sources */ = {isa = PBXBuildFile; fileRef = A5630BF6223912FE002B0152 /* Util.swift */; };
		A5630BFD223A612A002B0152 /* WebSocket.swift in Sources */ = {isa = PBXBuildFile; fileRef = A5630BFC223A612A002B0152 /* WebSocket.swift */; };
		A564CC4222CA398500B0C14B /* ChartSymbolVC.swift in Sources */ = {isa = PBXBuildFile; fileRef = A564CC4122CA398500B0C14B /* ChartSymbolVC.swift */; };
		A56B86D2226C6F7E003B153B /* ChooseListTVCell.swift in Sources */ = {isa = PBXBuildFile; fileRef = A56B86D1226C6F7E003B153B /* ChooseListTVCell.swift */; };
		A56B86D4226C713D003B153B /* ChooseListVC.swift in Sources */ = {isa = PBXBuildFile; fileRef = A56B86D3226C713D003B153B /* ChooseListVC.swift */; };
		A577308B2279820A00C08158 /* Chart.swift in Sources */ = {isa = PBXBuildFile; fileRef = A577308A2279820A00C08158 /* Chart.swift */; };
		A589D8842258A9C2008C98C3 /* LaunchVC.swift in Sources */ = {isa = PBXBuildFile; fileRef = A589D8832258A9C2008C98C3 /* LaunchVC.swift */; };
		A59AD5F62258FE290024525E /* CryptoIconsApi.swift in Sources */ = {isa = PBXBuildFile; fileRef = A59AD5F52258FE290024525E /* CryptoIconsApi.swift */; };
		A59AD5FD225914F70024525E /* WebKit.framework in Frameworks */ = {isa = PBXBuildFile; fileRef = A59AD5FC225914F70024525E /* WebKit.framework */; };
		A5AD9D9C22CA38A500ECEB6E /* ChartSymbolTVCell.swift in Sources */ = {isa = PBXBuildFile; fileRef = A5AD9D9B22CA38A500ECEB6E /* ChartSymbolTVCell.swift */; };
		A5B1DCDF226F809D0084B82D /* CreateListVC.swift in Sources */ = {isa = PBXBuildFile; fileRef = A5B1DCDE226F809D0084B82D /* CreateListVC.swift */; };
		A5B7EEB6223A7A1500061811 /* libz.1.1.3.tbd in Frameworks */ = {isa = PBXBuildFile; fileRef = A5B7EEB5223A7A1500061811 /* libz.1.1.3.tbd */; };
		A5B7EEBC223C0BF000061811 /* List.swift in Sources */ = {isa = PBXBuildFile; fileRef = A5B7EEBB223C0BF000061811 /* List.swift */; };
		A5B7EEC2223D3DA100061811 /* AlwaysPresentAsPopover.swift in Sources */ = {isa = PBXBuildFile; fileRef = A5B7EEC1223D3DA100061811 /* AlwaysPresentAsPopover.swift */; };
		A5BA606C22B813BB001924F6 /* ColorPalletCVC.swift in Sources */ = {isa = PBXBuildFile; fileRef = A5BA606B22B813BB001924F6 /* ColorPalletCVC.swift */; };
		A5BE575A2268798300E4EE09 /* LaunchScene.swift in Sources */ = {isa = PBXBuildFile; fileRef = A5BE57592268798300E4EE09 /* LaunchScene.swift */; };
		A5BE575C2268BE3300E4EE09 /* ListTitleView.xib in Resources */ = {isa = PBXBuildFile; fileRef = A5BE575B2268BE3300E4EE09 /* ListTitleView.xib */; };
		A5BE575E2268C0B700E4EE09 /* ListTitleView.swift in Sources */ = {isa = PBXBuildFile; fileRef = A5BE575D2268C0B700E4EE09 /* ListTitleView.swift */; };
		A5BE57652268EAE500E4EE09 /* SortOptionTVCell.swift in Sources */ = {isa = PBXBuildFile; fileRef = A5BE57642268EAE500E4EE09 /* SortOptionTVCell.swift */; };
		A5BE57672268F21200E4EE09 /* SortOptionsVC.swift in Sources */ = {isa = PBXBuildFile; fileRef = A5BE57662268F21200E4EE09 /* SortOptionsVC.swift */; };
		A5D157B8223E6E8600D583D7 /* AddSymbolsTVC.swift in Sources */ = {isa = PBXBuildFile; fileRef = A5D157B7223E6E8600D583D7 /* AddSymbolsTVC.swift */; };
		A5D157DE2241399800D583D7 /* App.swift in Sources */ = {isa = PBXBuildFile; fileRef = A5D157DD2241399800D583D7 /* App.swift */; };
		A5DD3F5A22DB41320004B78C /* CrosshairView.swift in Sources */ = {isa = PBXBuildFile; fileRef = A5DD3F5922DB41320004B78C /* CrosshairView.swift */; };
		A5F4F000226E2598002EEBD2 /* ParentVC.swift in Sources */ = {isa = PBXBuildFile; fileRef = A5F4EFFF226E2598002EEBD2 /* ParentVC.swift */; };
		A5FC7BEB227AFE93004CC6F0 /* IndicatorView.swift in Sources */ = {isa = PBXBuildFile; fileRef = A5FC7BEA227AFE93004CC6F0 /* IndicatorView.swift */; };
		A5FC7BED227B0705004CC6F0 /* TimeView.swift in Sources */ = {isa = PBXBuildFile; fileRef = A5FC7BEC227B0705004CC6F0 /* TimeView.swift */; };
		A5FC7BEF228023B9004CC6F0 /* ScannerVC.swift in Sources */ = {isa = PBXBuildFile; fileRef = A5FC7BEE228023B9004CC6F0 /* ScannerVC.swift */; };
		A5FC7BF122803E39004CC6F0 /* ScannerSettingsVC.swift in Sources */ = {isa = PBXBuildFile; fileRef = A5FC7BF022803E39004CC6F0 /* ScannerSettingsVC.swift */; };
		A5FC7BF52280A8A6004CC6F0 /* OptionsChooserVC.swift in Sources */ = {isa = PBXBuildFile; fileRef = A5FC7BF42280A8A6004CC6F0 /* OptionsChooserVC.swift */; };
		A5FC7BF72281B8EA004CC6F0 /* ScannerFilter.swift in Sources */ = {isa = PBXBuildFile; fileRef = A5FC7BF62281B8EA004CC6F0 /* ScannerFilter.swift */; };
		A5FC7BFB22830F3F004CC6F0 /* Indicators.swift in Sources */ = {isa = PBXBuildFile; fileRef = A5FC7BFA22830F3F004CC6F0 /* Indicators.swift */; };
		A5FC7BFD22840CBC004CC6F0 /* Indicator.swift in Sources */ = {isa = PBXBuildFile; fileRef = A5FC7BFC22840CBB004CC6F0 /* Indicator.swift */; };
		A5FC7C012286C34F004CC6F0 /* PickSymbolTVCell.swift in Sources */ = {isa = PBXBuildFile; fileRef = A5FC7C002286C34F004CC6F0 /* PickSymbolTVCell.swift */; };
		A5FC7D4E228826B7004CC6F0 /* QuickChart.swift in Sources */ = {isa = PBXBuildFile; fileRef = A5FC7D4D228826B7004CC6F0 /* QuickChart.swift */; };
		A5FC7D502289880D004CC6F0 /* MainView.swift in Sources */ = {isa = PBXBuildFile; fileRef = A5FC7D4F2289880D004CC6F0 /* MainView.swift */; };
		A5FC7D52228988AF004CC6F0 /* ValueView.swift in Sources */ = {isa = PBXBuildFile; fileRef = A5FC7D51228988AF004CC6F0 /* ValueView.swift */; };
/* End PBXBuildFile section */

/* Begin PBXFileReference section */
		A505703B2249226F0032849A /* digital-7.ttf */ = {isa = PBXFileReference; lastKnownFileType = file; name = "digital-7.ttf"; path = "../../../../../Downloads/digital-7/digital-7.ttf"; sourceTree = "<group>"; };
		A505703F224938ED0032849A /* SourceCodePro-Light.ttf */ = {isa = PBXFileReference; lastKnownFileType = file; name = "SourceCodePro-Light.ttf"; path = "../../../../../Downloads/source-code-pro-2.010R-ro-1.030R-it/TTF/SourceCodePro-Light.ttf"; sourceTree = "<group>"; };
		A53A784222CE057F005975E8 /* FilterTVCell.swift */ = {isa = PBXFileReference; lastKnownFileType = sourcecode.swift; path = FilterTVCell.swift; sourceTree = "<group>"; };
		A53A784422CE0CD0005975E8 /* FilterTFTVCell.swift */ = {isa = PBXFileReference; lastKnownFileType = sourcecode.swift; path = FilterTFTVCell.swift; sourceTree = "<group>"; };
		A53A784622CE0CF2005975E8 /* FilterButtonTVCell.swift */ = {isa = PBXFileReference; lastKnownFileType = sourcecode.swift; path = FilterButtonTVCell.swift; sourceTree = "<group>"; };
		A53A784822CE0E7F005975E8 /* FilterSettingsVC.swift */ = {isa = PBXFileReference; lastKnownFileType = sourcecode.swift; path = FilterSettingsVC.swift; sourceTree = "<group>"; };
		A5496A0D22B6C1510091F996 /* IndicatorsVC.swift */ = {isa = PBXFileReference; lastKnownFileType = sourcecode.swift; path = IndicatorsVC.swift; sourceTree = "<group>"; };
		A5496A1522B7875E0091F996 /* OptionalTVCell.swift */ = {isa = PBXFileReference; lastKnownFileType = sourcecode.swift; name = OptionalTVCell.swift; path = ../../OptionalTVCell.swift; sourceTree = "<group>"; };
		A5496A1722B787700091F996 /* TextFieldTVCell.swift */ = {isa = PBXFileReference; lastKnownFileType = sourcecode.swift; name = TextFieldTVCell.swift; path = ../../TextFieldTVCell.swift; sourceTree = "<group>"; };
		A5496A1922B787800091F996 /* ColorTVCell.swift */ = {isa = PBXFileReference; lastKnownFileType = sourcecode.swift; name = ColorTVCell.swift; path = ../../ColorTVCell.swift; sourceTree = "<group>"; };
		A5496A1B22B78B4E0091F996 /* IndicatorSettingsVC.swift */ = {isa = PBXFileReference; lastKnownFileType = sourcecode.swift; path = IndicatorSettingsVC.swift; sourceTree = "<group>"; };
		A5630BD32237D16F002B0152 /* Binance+.app */ = {isa = PBXFileReference; explicitFileType = wrapper.application; includeInIndex = 0; path = "Binance+.app"; sourceTree = BUILT_PRODUCTS_DIR; };
		A5630BD62237D16F002B0152 /* AppDelegate.swift */ = {isa = PBXFileReference; lastKnownFileType = sourcecode.swift; path = AppDelegate.swift; sourceTree = "<group>"; };
		A5630BD82237D16F002B0152 /* TabBarVC.swift */ = {isa = PBXFileReference; lastKnownFileType = sourcecode.swift; path = TabBarVC.swift; sourceTree = "<group>"; };
		A5630BDB2237D16F002B0152 /* Base */ = {isa = PBXFileReference; lastKnownFileType = file.storyboard; name = Base; path = Base.lproj/Main.storyboard; sourceTree = "<group>"; };
		A5630BDD2237D171002B0152 /* Assets.xcassets */ = {isa = PBXFileReference; lastKnownFileType = folder.assetcatalog; path = Assets.xcassets; sourceTree = "<group>"; };
		A5630BE02237D171002B0152 /* Base */ = {isa = PBXFileReference; lastKnownFileType = file.storyboard; name = Base; path = Base.lproj/LaunchScreen.storyboard; sourceTree = "<group>"; };
		A5630BE22237D171002B0152 /* Info.plist */ = {isa = PBXFileReference; lastKnownFileType = text.plist.xml; path = Info.plist; sourceTree = "<group>"; };
		A5630BE82237D27F002B0152 /* SymbolTableViewCell.swift */ = {isa = PBXFileReference; lastKnownFileType = sourcecode.swift; path = SymbolTableViewCell.swift; sourceTree = "<group>"; };
		A5630BEA2237E5F1002B0152 /* ListTVC.swift */ = {isa = PBXFileReference; lastKnownFileType = sourcecode.swift; path = ListTVC.swift; sourceTree = "<group>"; };
		A5630BEC2237E649002B0152 /* BinanceApi.swift */ = {isa = PBXFileReference; lastKnownFileType = sourcecode.swift; path = BinanceApi.swift; sourceTree = "<group>"; };
		A5630BEE2237F083002B0152 /* Symbol.swift */ = {isa = PBXFileReference; lastKnownFileType = sourcecode.swift; path = Symbol.swift; sourceTree = "<group>"; };
		A5630BF02238F628002B0152 /* ChartVC.swift */ = {isa = PBXFileReference; lastKnownFileType = sourcecode.swift; path = ChartVC.swift; sourceTree = "<group>"; };
		A5630BF22238F6F6002B0152 /* Enums.swift */ = {isa = PBXFileReference; lastKnownFileType = sourcecode.swift; path = Enums.swift; sourceTree = "<group>"; };
		A5630BF42238F94E002B0152 /* Candle.swift */ = {isa = PBXFileReference; lastKnownFileType = sourcecode.swift; path = Candle.swift; sourceTree = "<group>"; };
		A5630BF6223912FE002B0152 /* Util.swift */ = {isa = PBXFileReference; lastKnownFileType = sourcecode.swift; path = Util.swift; sourceTree = "<group>"; };
		A5630BFC223A612A002B0152 /* WebSocket.swift */ = {isa = PBXFileReference; lastKnownFileType = sourcecode.swift; path = WebSocket.swift; sourceTree = "<group>"; };
		A564CC4122CA398500B0C14B /* ChartSymbolVC.swift */ = {isa = PBXFileReference; lastKnownFileType = sourcecode.swift; path = ChartSymbolVC.swift; sourceTree = "<group>"; };
		A56B86D1226C6F7E003B153B /* ChooseListTVCell.swift */ = {isa = PBXFileReference; lastKnownFileType = sourcecode.swift; path = ChooseListTVCell.swift; sourceTree = "<group>"; };
		A56B86D3226C713D003B153B /* ChooseListVC.swift */ = {isa = PBXFileReference; lastKnownFileType = sourcecode.swift; path = ChooseListVC.swift; sourceTree = "<group>"; };
		A577308A2279820A00C08158 /* Chart.swift */ = {isa = PBXFileReference; lastKnownFileType = sourcecode.swift; path = Chart.swift; sourceTree = "<group>"; };
		A589D8832258A9C2008C98C3 /* LaunchVC.swift */ = {isa = PBXFileReference; lastKnownFileType = sourcecode.swift; path = LaunchVC.swift; sourceTree = "<group>"; };
		A59AD5F52258FE290024525E /* CryptoIconsApi.swift */ = {isa = PBXFileReference; lastKnownFileType = sourcecode.swift; path = CryptoIconsApi.swift; sourceTree = "<group>"; };
		A59AD5FC225914F70024525E /* WebKit.framework */ = {isa = PBXFileReference; lastKnownFileType = wrapper.framework; name = WebKit.framework; path = System/Library/Frameworks/WebKit.framework; sourceTree = SDKROOT; };
		A5AD9D9B22CA38A500ECEB6E /* ChartSymbolTVCell.swift */ = {isa = PBXFileReference; lastKnownFileType = sourcecode.swift; path = ChartSymbolTVCell.swift; sourceTree = "<group>"; };
		A5B1DCDE226F809D0084B82D /* CreateListVC.swift */ = {isa = PBXFileReference; lastKnownFileType = sourcecode.swift; path = CreateListVC.swift; sourceTree = "<group>"; };
		A5B7EEB5223A7A1500061811 /* libz.1.1.3.tbd */ = {isa = PBXFileReference; lastKnownFileType = "sourcecode.text-based-dylib-definition"; name = libz.1.1.3.tbd; path = usr/lib/libz.1.1.3.tbd; sourceTree = SDKROOT; };
		A5B7EEBB223C0BF000061811 /* List.swift */ = {isa = PBXFileReference; lastKnownFileType = sourcecode.swift; path = List.swift; sourceTree = "<group>"; };
		A5B7EEC1223D3DA100061811 /* AlwaysPresentAsPopover.swift */ = {isa = PBXFileReference; lastKnownFileType = sourcecode.swift; path = AlwaysPresentAsPopover.swift; sourceTree = "<group>"; };
		A5BA606B22B813BB001924F6 /* ColorPalletCVC.swift */ = {isa = PBXFileReference; lastKnownFileType = sourcecode.swift; path = ColorPalletCVC.swift; sourceTree = "<group>"; };
		A5BE57592268798300E4EE09 /* LaunchScene.swift */ = {isa = PBXFileReference; lastKnownFileType = sourcecode.swift; path = LaunchScene.swift; sourceTree = "<group>"; };
		A5BE575B2268BE3300E4EE09 /* ListTitleView.xib */ = {isa = PBXFileReference; lastKnownFileType = file.xib; path = ListTitleView.xib; sourceTree = "<group>"; };
		A5BE575D2268C0B700E4EE09 /* ListTitleView.swift */ = {isa = PBXFileReference; lastKnownFileType = sourcecode.swift; path = ListTitleView.swift; sourceTree = "<group>"; };
		A5BE57642268EAE500E4EE09 /* SortOptionTVCell.swift */ = {isa = PBXFileReference; lastKnownFileType = sourcecode.swift; path = SortOptionTVCell.swift; sourceTree = "<group>"; };
		A5BE57662268F21200E4EE09 /* SortOptionsVC.swift */ = {isa = PBXFileReference; lastKnownFileType = sourcecode.swift; path = SortOptionsVC.swift; sourceTree = "<group>"; };
		A5D157B7223E6E8600D583D7 /* AddSymbolsTVC.swift */ = {isa = PBXFileReference; lastKnownFileType = sourcecode.swift; path = AddSymbolsTVC.swift; sourceTree = "<group>"; };
		A5D157DD2241399800D583D7 /* App.swift */ = {isa = PBXFileReference; lastKnownFileType = sourcecode.swift; path = App.swift; sourceTree = "<group>"; };
		A5DD3F5922DB41320004B78C /* CrosshairView.swift */ = {isa = PBXFileReference; lastKnownFileType = sourcecode.swift; path = CrosshairView.swift; sourceTree = "<group>"; };
		A5F4EFFF226E2598002EEBD2 /* ParentVC.swift */ = {isa = PBXFileReference; lastKnownFileType = sourcecode.swift; path = ParentVC.swift; sourceTree = "<group>"; };
		A5FC7BEA227AFE93004CC6F0 /* IndicatorView.swift */ = {isa = PBXFileReference; lastKnownFileType = sourcecode.swift; path = IndicatorView.swift; sourceTree = "<group>"; };
		A5FC7BEC227B0705004CC6F0 /* TimeView.swift */ = {isa = PBXFileReference; lastKnownFileType = sourcecode.swift; path = TimeView.swift; sourceTree = "<group>"; };
		A5FC7BEE228023B9004CC6F0 /* ScannerVC.swift */ = {isa = PBXFileReference; lastKnownFileType = sourcecode.swift; path = ScannerVC.swift; sourceTree = "<group>"; };
		A5FC7BF022803E39004CC6F0 /* ScannerSettingsVC.swift */ = {isa = PBXFileReference; lastKnownFileType = sourcecode.swift; path = ScannerSettingsVC.swift; sourceTree = "<group>"; };
		A5FC7BF42280A8A6004CC6F0 /* OptionsChooserVC.swift */ = {isa = PBXFileReference; lastKnownFileType = sourcecode.swift; path = OptionsChooserVC.swift; sourceTree = "<group>"; };
		A5FC7BF62281B8EA004CC6F0 /* ScannerFilter.swift */ = {isa = PBXFileReference; lastKnownFileType = sourcecode.swift; path = ScannerFilter.swift; sourceTree = "<group>"; };
		A5FC7BFA22830F3F004CC6F0 /* Indicators.swift */ = {isa = PBXFileReference; lastKnownFileType = sourcecode.swift; path = Indicators.swift; sourceTree = "<group>"; };
		A5FC7BFC22840CBB004CC6F0 /* Indicator.swift */ = {isa = PBXFileReference; lastKnownFileType = sourcecode.swift; path = Indicator.swift; sourceTree = "<group>"; };
		A5FC7C002286C34F004CC6F0 /* PickSymbolTVCell.swift */ = {isa = PBXFileReference; lastKnownFileType = sourcecode.swift; path = PickSymbolTVCell.swift; sourceTree = "<group>"; };
		A5FC7D4D228826B7004CC6F0 /* QuickChart.swift */ = {isa = PBXFileReference; lastKnownFileType = sourcecode.swift; path = QuickChart.swift; sourceTree = "<group>"; };
		A5FC7D4F2289880D004CC6F0 /* MainView.swift */ = {isa = PBXFileReference; lastKnownFileType = sourcecode.swift; path = MainView.swift; sourceTree = "<group>"; };
		A5FC7D51228988AF004CC6F0 /* ValueView.swift */ = {isa = PBXFileReference; lastKnownFileType = sourcecode.swift; path = ValueView.swift; sourceTree = "<group>"; };
/* End PBXFileReference section */

/* Begin PBXFrameworksBuildPhase section */
		A5630BD02237D16F002B0152 /* Frameworks */ = {
			isa = PBXFrameworksBuildPhase;
			buildActionMask = 2147483647;
			files = (
				A59AD5FD225914F70024525E /* WebKit.framework in Frameworks */,
				A5B7EEB6223A7A1500061811 /* libz.1.1.3.tbd in Frameworks */,
			);
			runOnlyForDeploymentPostprocessing = 0;
		};
/* End PBXFrameworksBuildPhase section */

/* Begin PBXGroup section */
		A50570372247D4700032849A /* Utility */ = {
			isa = PBXGroup;
			children = (
				A5FC7BF42280A8A6004CC6F0 /* OptionsChooserVC.swift */,
				A5630BF6223912FE002B0152 /* Util.swift */,
				A5630BFC223A612A002B0152 /* WebSocket.swift */,
				A5B7EEC1223D3DA100061811 /* AlwaysPresentAsPopover.swift */,
			);
			path = Utility;
			sourceTree = "<group>";
		};
		A5057038224921870032849A /* Fonts */ = {
			isa = PBXGroup;
			children = (
				A505703F224938ED0032849A /* SourceCodePro-Light.ttf */,
				A505703B2249226F0032849A /* digital-7.ttf */,
			);
			path = Fonts;
			sourceTree = "<group>";
		};
		A55ECBD022D736ED00C2288A /* Scanner */ = {
			isa = PBXGroup;
			children = (
				A5FC7BEE228023B9004CC6F0 /* ScannerVC.swift */,
				A5FC7BF022803E39004CC6F0 /* ScannerSettingsVC.swift */,
				A53A784822CE0E7F005975E8 /* FilterSettingsVC.swift */,
				A5FC7BF62281B8EA004CC6F0 /* ScannerFilter.swift */,
			);
			path = Scanner;
			sourceTree = "<group>";
		};
		A55ECBD122D737A700C2288A /* List */ = {
			isa = PBXGroup;
			children = (
				A5630BEA2237E5F1002B0152 /* ListTVC.swift */,
				A5BE57662268F21200E4EE09 /* SortOptionsVC.swift */,
				A56B86D3226C713D003B153B /* ChooseListVC.swift */,
				A5B1DCDE226F809D0084B82D /* CreateListVC.swift */,
				A5D157B7223E6E8600D583D7 /* AddSymbolsTVC.swift */,
			);
			path = List;
			sourceTree = "<group>";
		};
		A5630BCA2237D16F002B0152 = {
			isa = PBXGroup;
			children = (
				A5630BD52237D16F002B0152 /* Binance+ */,
				A5630BD42237D16F002B0152 /* Products */,
				A5B7EEB4223A7A1400061811 /* Frameworks */,
			);
			sourceTree = "<group>";
		};
		A5630BD42237D16F002B0152 /* Products */ = {
			isa = PBXGroup;
			children = (
				A5630BD32237D16F002B0152 /* Binance+.app */,
			);
			name = Products;
			sourceTree = "<group>";
		};
		A5630BD52237D16F002B0152 /* Binance+ */ = {
			isa = PBXGroup;
			children = (
				A5057038224921870032849A /* Fonts */,
				A50570372247D4700032849A /* Utility */,
				A5BE575F2268C0C300E4EE09 /* Custom Views */,
				A5B7EEC9223D906700061811 /* TableCells */,
				A55ECBD122D737A700C2288A /* List */,
				A577308122789F0A00C08158 /* Chart */,
				A55ECBD022D736ED00C2288A /* Scanner */,
				A5630BD62237D16F002B0152 /* AppDelegate.swift */,
				A5630BDA2237D16F002B0152 /* Main.storyboard */,
				A589D8832258A9C2008C98C3 /* LaunchVC.swift */,
				A5F4EFFF226E2598002EEBD2 /* ParentVC.swift */,
				A5630BD82237D16F002B0152 /* TabBarVC.swift */,
				A5630BDD2237D171002B0152 /* Assets.xcassets */,
				A5630BDF2237D171002B0152 /* LaunchScreen.storyboard */,
				A5630BE22237D171002B0152 /* Info.plist */,
				A5D157DD2241399800D583D7 /* App.swift */,
				A5630BEC2237E649002B0152 /* BinanceApi.swift */,
				A59AD5F52258FE290024525E /* CryptoIconsApi.swift */,
				A5630BEE2237F083002B0152 /* Symbol.swift */,
				A5630BF22238F6F6002B0152 /* Enums.swift */,
				A5B7EEBB223C0BF000061811 /* List.swift */,
				A5BE57592268798300E4EE09 /* LaunchScene.swift */,
			);
			path = "Binance+";
			sourceTree = "<group>";
		};
		A577308122789F0A00C08158 /* Chart */ = {
			isa = PBXGroup;
			children = (
				A577308A2279820A00C08158 /* Chart.swift */,
				A5FC7D4F2289880D004CC6F0 /* MainView.swift */,
				A5FC7D51228988AF004CC6F0 /* ValueView.swift */,
				A5DD3F5922DB41320004B78C /* CrosshairView.swift */,
				A5FC7BEC227B0705004CC6F0 /* TimeView.swift */,
				A5FC7BEA227AFE93004CC6F0 /* IndicatorView.swift */,
				A5FC7BFC22840CBB004CC6F0 /* Indicator.swift */,
				A5FC7BFA22830F3F004CC6F0 /* Indicators.swift */,
				A5630BF02238F628002B0152 /* ChartVC.swift */,
				A5496A0D22B6C1510091F996 /* IndicatorsVC.swift */,
				A5496A1B22B78B4E0091F996 /* IndicatorSettingsVC.swift */,
				A5BA606B22B813BB001924F6 /* ColorPalletCVC.swift */,
				A564CC4122CA398500B0C14B /* ChartSymbolVC.swift */,
				A5FC7D4D228826B7004CC6F0 /* QuickChart.swift */,
				A5630BF42238F94E002B0152 /* Candle.swift */,
			);
			path = Chart;
			sourceTree = "<group>";
		};
		A5B7EEB4223A7A1400061811 /* Frameworks */ = {
			isa = PBXGroup;
			children = (
				A59AD5FC225914F70024525E /* WebKit.framework */,
				A5B7EEB5223A7A1500061811 /* libz.1.1.3.tbd */,
			);
			name = Frameworks;
			sourceTree = "<group>";
		};
		A5B7EEC9223D906700061811 /* TableCells */ = {
			isa = PBXGroup;
			children = (
				A5630BE82237D27F002B0152 /* SymbolTableViewCell.swift */,
				A5BE57642268EAE500E4EE09 /* SortOptionTVCell.swift */,
				A56B86D1226C6F7E003B153B /* ChooseListTVCell.swift */,
				A5FC7C002286C34F004CC6F0 /* PickSymbolTVCell.swift */,
				A5496A1522B7875E0091F996 /* OptionalTVCell.swift */,
				A5496A1722B787700091F996 /* TextFieldTVCell.swift */,
				A5496A1922B787800091F996 /* ColorTVCell.swift */,
				A5AD9D9B22CA38A500ECEB6E /* ChartSymbolTVCell.swift */,
				A53A784222CE057F005975E8 /* FilterTVCell.swift */,
				A53A784422CE0CD0005975E8 /* FilterTFTVCell.swift */,
				A53A784622CE0CF2005975E8 /* FilterButtonTVCell.swift */,
			);
			path = TableCells;
			sourceTree = "<group>";
		};
		A5BE575F2268C0C300E4EE09 /* Custom Views */ = {
			isa = PBXGroup;
			children = (
				A5BE575B2268BE3300E4EE09 /* ListTitleView.xib */,
				A5BE575D2268C0B700E4EE09 /* ListTitleView.swift */,
			);
			path = "Custom Views";
			sourceTree = "<group>";
		};
/* End PBXGroup section */

/* Begin PBXNativeTarget section */
		A5630BD22237D16F002B0152 /* Binance+ */ = {
			isa = PBXNativeTarget;
			buildConfigurationList = A5630BE52237D171002B0152 /* Build configuration list for PBXNativeTarget "Binance+" */;
			buildPhases = (
				A5630BCF2237D16F002B0152 /* Sources */,
				A5630BD02237D16F002B0152 /* Frameworks */,
				A5630BD12237D16F002B0152 /* Resources */,
			);
			buildRules = (
			);
			dependencies = (
			);
			name = "Binance+";
			productName = "Binance+";
			productReference = A5630BD32237D16F002B0152 /* Binance+.app */;
			productType = "com.apple.product-type.application";
		};
/* End PBXNativeTarget section */

/* Begin PBXProject section */
		A5630BCB2237D16F002B0152 /* Project object */ = {
			isa = PBXProject;
			attributes = {
				LastSwiftUpdateCheck = 1010;
				LastUpgradeCheck = 1010;
				ORGANIZATIONNAME = "Behnam Karimi";
				TargetAttributes = {
					A5630BD22237D16F002B0152 = {
						CreatedOnToolsVersion = 10.1;
						LastSwiftMigration = 1020;
					};
				};
			};
			buildConfigurationList = A5630BCE2237D16F002B0152 /* Build configuration list for PBXProject "Binance+" */;
			compatibilityVersion = "Xcode 9.3";
			developmentRegion = en;
			hasScannedForEncodings = 0;
			knownRegions = (
				en,
				Base,
			);
			mainGroup = A5630BCA2237D16F002B0152;
			productRefGroup = A5630BD42237D16F002B0152 /* Products */;
			projectDirPath = "";
			projectRoot = "";
			targets = (
				A5630BD22237D16F002B0152 /* Binance+ */,
			);
		};
/* End PBXProject section */

/* Begin PBXResourcesBuildPhase section */
		A5630BD12237D16F002B0152 /* Resources */ = {
			isa = PBXResourcesBuildPhase;
			buildActionMask = 2147483647;
			files = (
				A5BE575C2268BE3300E4EE09 /* ListTitleView.xib in Resources */,
				A5630BE12237D171002B0152 /* LaunchScreen.storyboard in Resources */,
				A5057040224938EE0032849A /* SourceCodePro-Light.ttf in Resources */,
				A5630BDE2237D171002B0152 /* Assets.xcassets in Resources */,
				A5630BDC2237D16F002B0152 /* Main.storyboard in Resources */,
				A505703C2249226F0032849A /* digital-7.ttf in Resources */,
			);
			runOnlyForDeploymentPostprocessing = 0;
		};
/* End PBXResourcesBuildPhase section */

/* Begin PBXSourcesBuildPhase section */
		A5630BCF2237D16F002B0152 /* Sources */ = {
			isa = PBXSourcesBuildPhase;
			buildActionMask = 2147483647;
			files = (
				A5B7EEC2223D3DA100061811 /* AlwaysPresentAsPopover.swift in Sources */,
				A5630BFD223A612A002B0152 /* WebSocket.swift in Sources */,
				A5FC7BF72281B8EA004CC6F0 /* ScannerFilter.swift in Sources */,
				A5630BF52238F94E002B0152 /* Candle.swift in Sources */,
				A5FC7BEB227AFE93004CC6F0 /* IndicatorView.swift in Sources */,
				A5630BED2237E64A002B0152 /* BinanceApi.swift in Sources */,
				A5B7EEBC223C0BF000061811 /* List.swift in Sources */,
				A5FC7D4E228826B7004CC6F0 /* QuickChart.swift in Sources */,
				A5FC7BF52280A8A6004CC6F0 /* OptionsChooserVC.swift in Sources */,
				A5630BF12238F628002B0152 /* ChartVC.swift in Sources */,
				A59AD5F62258FE290024525E /* CryptoIconsApi.swift in Sources */,
				A5496A1822B787700091F996 /* TextFieldTVCell.swift in Sources */,
				A5FC7D52228988AF004CC6F0 /* ValueView.swift in Sources */,
				A5D157DE2241399800D583D7 /* App.swift in Sources */,
				A564CC4222CA398500B0C14B /* ChartSymbolVC.swift in Sources */,
				A53A784722CE0CF2005975E8 /* FilterButtonTVCell.swift in Sources */,
				A53A784922CE0E7F005975E8 /* FilterSettingsVC.swift in Sources */,
				A5D157B8223E6E8600D583D7 /* AddSymbolsTVC.swift in Sources */,
				A5630BE92237D27F002B0152 /* SymbolTableViewCell.swift in Sources */,
				A5FC7BED227B0705004CC6F0 /* TimeView.swift in Sources */,
				A5FC7D502289880D004CC6F0 /* MainView.swift in Sources */,
				A5496A0E22B6C1510091F996 /* IndicatorsVC.swift in Sources */,
				A589D8842258A9C2008C98C3 /* LaunchVC.swift in Sources */,
				A5496A1C22B78B4E0091F996 /* IndicatorSettingsVC.swift in Sources */,
				A5496A1A22B787800091F996 /* ColorTVCell.swift in Sources */,
				A56B86D2226C6F7E003B153B /* ChooseListTVCell.swift in Sources */,
				A5B1DCDF226F809D0084B82D /* CreateListVC.swift in Sources */,
				A5FC7BF122803E39004CC6F0 /* ScannerSettingsVC.swift in Sources */,
				A5496A1622B7875E0091F996 /* OptionalTVCell.swift in Sources */,
				A5630BD92237D16F002B0152 /* TabBarVC.swift in Sources */,
				A5FC7BFD22840CBC004CC6F0 /* Indicator.swift in Sources */,
				A53A784322CE057F005975E8 /* FilterTVCell.swift in Sources */,
				A5FC7C012286C34F004CC6F0 /* PickSymbolTVCell.swift in Sources */,
				A5630BF32238F6F6002B0152 /* Enums.swift in Sources */,
				A5630BD72237D16F002B0152 /* AppDelegate.swift in Sources */,
				A5BA606C22B813BB001924F6 /* ColorPalletCVC.swift in Sources */,
				A5AD9D9C22CA38A500ECEB6E /* ChartSymbolTVCell.swift in Sources */,
				A5630BF7223912FE002B0152 /* Util.swift in Sources */,
				A5BE575A2268798300E4EE09 /* LaunchScene.swift in Sources */,
				A577308B2279820A00C08158 /* Chart.swift in Sources */,
				A5FC7BEF228023B9004CC6F0 /* ScannerVC.swift in Sources */,
				A5630BEB2237E5F1002B0152 /* ListTVC.swift in Sources */,
				A56B86D4226C713D003B153B /* ChooseListVC.swift in Sources */,
				A53A784522CE0CD0005975E8 /* FilterTFTVCell.swift in Sources */,
				A5630BEF2237F083002B0152 /* Symbol.swift in Sources */,
				A5F4F000226E2598002EEBD2 /* ParentVC.swift in Sources */,
				A5FC7BFB22830F3F004CC6F0 /* Indicators.swift in Sources */,
				A5DD3F5A22DB41320004B78C /* CrosshairView.swift in Sources */,
				A5BE57652268EAE500E4EE09 /* SortOptionTVCell.swift in Sources */,
				A5BE575E2268C0B700E4EE09 /* ListTitleView.swift in Sources */,
				A5BE57672268F21200E4EE09 /* SortOptionsVC.swift in Sources */,
			);
			runOnlyForDeploymentPostprocessing = 0;
		};
/* End PBXSourcesBuildPhase section */

/* Begin PBXVariantGroup section */
		A5630BDA2237D16F002B0152 /* Main.storyboard */ = {
			isa = PBXVariantGroup;
			children = (
				A5630BDB2237D16F002B0152 /* Base */,
			);
			name = Main.storyboard;
			sourceTree = "<group>";
		};
		A5630BDF2237D171002B0152 /* LaunchScreen.storyboard */ = {
			isa = PBXVariantGroup;
			children = (
				A5630BE02237D171002B0152 /* Base */,
			);
			name = LaunchScreen.storyboard;
			sourceTree = "<group>";
		};
/* End PBXVariantGroup section */

/* Begin XCBuildConfiguration section */
		A5630BE32237D171002B0152 /* Debug */ = {
			isa = XCBuildConfiguration;
			buildSettings = {
				ALWAYS_SEARCH_USER_PATHS = NO;
				CLANG_ANALYZER_NONNULL = YES;
				CLANG_ANALYZER_NUMBER_OBJECT_CONVERSION = YES_AGGRESSIVE;
				CLANG_CXX_LANGUAGE_STANDARD = "gnu++14";
				CLANG_CXX_LIBRARY = "libc++";
				CLANG_ENABLE_MODULES = YES;
				CLANG_ENABLE_OBJC_ARC = YES;
				CLANG_ENABLE_OBJC_WEAK = YES;
				CLANG_WARN_BLOCK_CAPTURE_AUTORELEASING = YES;
				CLANG_WARN_BOOL_CONVERSION = YES;
				CLANG_WARN_COMMA = YES;
				CLANG_WARN_CONSTANT_CONVERSION = YES;
				CLANG_WARN_DEPRECATED_OBJC_IMPLEMENTATIONS = YES;
				CLANG_WARN_DIRECT_OBJC_ISA_USAGE = YES_ERROR;
				CLANG_WARN_DOCUMENTATION_COMMENTS = YES;
				CLANG_WARN_EMPTY_BODY = YES;
				CLANG_WARN_ENUM_CONVERSION = YES;
				CLANG_WARN_INFINITE_RECURSION = YES;
				CLANG_WARN_INT_CONVERSION = YES;
				CLANG_WARN_NON_LITERAL_NULL_CONVERSION = YES;
				CLANG_WARN_OBJC_IMPLICIT_RETAIN_SELF = YES;
				CLANG_WARN_OBJC_LITERAL_CONVERSION = YES;
				CLANG_WARN_OBJC_ROOT_CLASS = YES_ERROR;
				CLANG_WARN_RANGE_LOOP_ANALYSIS = YES;
				CLANG_WARN_STRICT_PROTOTYPES = YES;
				CLANG_WARN_SUSPICIOUS_MOVE = YES;
				CLANG_WARN_UNGUARDED_AVAILABILITY = YES_AGGRESSIVE;
				CLANG_WARN_UNREACHABLE_CODE = YES;
				CLANG_WARN__DUPLICATE_METHOD_MATCH = YES;
				CODE_SIGN_IDENTITY = "iPhone Developer";
				COPY_PHASE_STRIP = NO;
				DEBUG_INFORMATION_FORMAT = dwarf;
				ENABLE_STRICT_OBJC_MSGSEND = YES;
				ENABLE_TESTABILITY = YES;
				GCC_C_LANGUAGE_STANDARD = gnu11;
				GCC_DYNAMIC_NO_PIC = NO;
				GCC_NO_COMMON_BLOCKS = YES;
				GCC_OPTIMIZATION_LEVEL = 0;
				GCC_PREPROCESSOR_DEFINITIONS = (
					"DEBUG=1",
					"$(inherited)",
				);
				GCC_WARN_64_TO_32_BIT_CONVERSION = YES;
				GCC_WARN_ABOUT_RETURN_TYPE = YES_ERROR;
				GCC_WARN_UNDECLARED_SELECTOR = YES;
				GCC_WARN_UNINITIALIZED_AUTOS = YES_AGGRESSIVE;
				GCC_WARN_UNUSED_FUNCTION = YES;
				GCC_WARN_UNUSED_VARIABLE = YES;
				IPHONEOS_DEPLOYMENT_TARGET = 12.1;
				MTL_ENABLE_DEBUG_INFO = INCLUDE_SOURCE;
				MTL_FAST_MATH = YES;
				ONLY_ACTIVE_ARCH = YES;
				SDKROOT = iphoneos;
				SWIFT_ACTIVE_COMPILATION_CONDITIONS = DEBUG;
				SWIFT_OPTIMIZATION_LEVEL = "-Onone";
			};
			name = Debug;
		};
		A5630BE42237D171002B0152 /* Release */ = {
			isa = XCBuildConfiguration;
			buildSettings = {
				ALWAYS_SEARCH_USER_PATHS = NO;
				CLANG_ANALYZER_NONNULL = YES;
				CLANG_ANALYZER_NUMBER_OBJECT_CONVERSION = YES_AGGRESSIVE;
				CLANG_CXX_LANGUAGE_STANDARD = "gnu++14";
				CLANG_CXX_LIBRARY = "libc++";
				CLANG_ENABLE_MODULES = YES;
				CLANG_ENABLE_OBJC_ARC = YES;
				CLANG_ENABLE_OBJC_WEAK = YES;
				CLANG_WARN_BLOCK_CAPTURE_AUTORELEASING = YES;
				CLANG_WARN_BOOL_CONVERSION = YES;
				CLANG_WARN_COMMA = YES;
				CLANG_WARN_CONSTANT_CONVERSION = YES;
				CLANG_WARN_DEPRECATED_OBJC_IMPLEMENTATIONS = YES;
				CLANG_WARN_DIRECT_OBJC_ISA_USAGE = YES_ERROR;
				CLANG_WARN_DOCUMENTATION_COMMENTS = YES;
				CLANG_WARN_EMPTY_BODY = YES;
				CLANG_WARN_ENUM_CONVERSION = YES;
				CLANG_WARN_INFINITE_RECURSION = YES;
				CLANG_WARN_INT_CONVERSION = YES;
				CLANG_WARN_NON_LITERAL_NULL_CONVERSION = YES;
				CLANG_WARN_OBJC_IMPLICIT_RETAIN_SELF = YES;
				CLANG_WARN_OBJC_LITERAL_CONVERSION = YES;
				CLANG_WARN_OBJC_ROOT_CLASS = YES_ERROR;
				CLANG_WARN_RANGE_LOOP_ANALYSIS = YES;
				CLANG_WARN_STRICT_PROTOTYPES = YES;
				CLANG_WARN_SUSPICIOUS_MOVE = YES;
				CLANG_WARN_UNGUARDED_AVAILABILITY = YES_AGGRESSIVE;
				CLANG_WARN_UNREACHABLE_CODE = YES;
				CLANG_WARN__DUPLICATE_METHOD_MATCH = YES;
				CODE_SIGN_IDENTITY = "iPhone Developer";
				COPY_PHASE_STRIP = NO;
				DEBUG_INFORMATION_FORMAT = "dwarf-with-dsym";
				ENABLE_NS_ASSERTIONS = NO;
				ENABLE_STRICT_OBJC_MSGSEND = YES;
				GCC_C_LANGUAGE_STANDARD = gnu11;
				GCC_NO_COMMON_BLOCKS = YES;
				GCC_WARN_64_TO_32_BIT_CONVERSION = YES;
				GCC_WARN_ABOUT_RETURN_TYPE = YES_ERROR;
				GCC_WARN_UNDECLARED_SELECTOR = YES;
				GCC_WARN_UNINITIALIZED_AUTOS = YES_AGGRESSIVE;
				GCC_WARN_UNUSED_FUNCTION = YES;
				GCC_WARN_UNUSED_VARIABLE = YES;
				IPHONEOS_DEPLOYMENT_TARGET = 12.1;
				MTL_ENABLE_DEBUG_INFO = NO;
				MTL_FAST_MATH = YES;
				SDKROOT = iphoneos;
				SWIFT_COMPILATION_MODE = wholemodule;
				SWIFT_OPTIMIZATION_LEVEL = "-O";
				VALIDATE_PRODUCT = YES;
			};
			name = Release;
		};
		A5630BE62237D171002B0152 /* Debug */ = {
			isa = XCBuildConfiguration;
			buildSettings = {
				ASSETCATALOG_COMPILER_APPICON_NAME = AppIcon;
				CODE_SIGN_STYLE = Automatic;
				DEVELOPMENT_TEAM = TG6M64J463;
				FRAMEWORK_SEARCH_PATHS = (
					"$(inherited)",
					"$(PROJECT_DIR)",
				);
				INFOPLIST_FILE = "Binance+/Info.plist";
				IPHONEOS_DEPLOYMENT_TARGET = 12.2;
				LD_RUNPATH_SEARCH_PATHS = (
					"$(inherited)",
					"@executable_path/Frameworks",
				);
				PRODUCT_BUNDLE_IDENTIFIER = com.behnamkarimi.binanceplus;
				PRODUCT_NAME = "$(TARGET_NAME)";
				SWIFT_VERSION = 5.0;
				TARGETED_DEVICE_FAMILY = "1,2";
			};
			name = Debug;
		};
		A5630BE72237D171002B0152 /* Release */ = {
			isa = XCBuildConfiguration;
			buildSettings = {
				ASSETCATALOG_COMPILER_APPICON_NAME = AppIcon;
				CODE_SIGN_STYLE = Automatic;
				DEVELOPMENT_TEAM = TG6M64J463;
				FRAMEWORK_SEARCH_PATHS = (
					"$(inherited)",
					"$(PROJECT_DIR)",
				);
				INFOPLIST_FILE = "Binance+/Info.plist";
				IPHONEOS_DEPLOYMENT_TARGET = 12.2;
				LD_RUNPATH_SEARCH_PATHS = (
					"$(inherited)",
					"@executable_path/Frameworks",
				);
				PRODUCT_BUNDLE_IDENTIFIER = com.behnamkarimi.binanceplus;
				PRODUCT_NAME = "$(TARGET_NAME)";
				SWIFT_VERSION = 5.0;
				TARGETED_DEVICE_FAMILY = "1,2";
			};
			name = Release;
		};
/* End XCBuildConfiguration section */

/* Begin XCConfigurationList section */
		A5630BCE2237D16F002B0152 /* Build configuration list for PBXProject "Binance+" */ = {
			isa = XCConfigurationList;
			buildConfigurations = (
				A5630BE32237D171002B0152 /* Debug */,
				A5630BE42237D171002B0152 /* Release */,
			);
			defaultConfigurationIsVisible = 0;
			defaultConfigurationName = Release;
		};
		A5630BE52237D171002B0152 /* Build configuration list for PBXNativeTarget "Binance+" */ = {
			isa = XCConfigurationList;
			buildConfigurations = (
				A5630BE62237D171002B0152 /* Debug */,
				A5630BE72237D171002B0152 /* Release */,
			);
			defaultConfigurationIsVisible = 0;
			defaultConfigurationName = Release;
		};
/* End XCConfigurationList section */
	};
	rootObject = A5630BCB2237D16F002B0152 /* Project object */;
}
